
Microsoft Visual Studio Solution File, Format Version 12.00
# Visual Studio Version 16
VisualStudioVersion = 16.0.31702.278
MinimumVisualStudioVersion = 10.0.40219.1
Project("{2150E333-8FDC-42A3-9474-1A3956D46DE8}") = "Servicio", "Servicio", "{07D4F9D5-4685-4FB2-AAE5-B628C9089AD1}"
EndProject
Project("{FAE04EC0-301F-11D3-BF4B-00C04F79EFBC}") = "PeliculaWS", "PeliculaWS\PeliculaWS.csproj", "{ADF15818-A100-4A9B-B00D-43A133C721F5}"
EndProject
Global
	GlobalSection(SolutionConfigurationPlatforms) = preSolution
		Debug|Any CPU = Debug|Any CPU
		Release|Any CPU = Release|Any CPU
	EndGlobalSection
	GlobalSection(ProjectConfigurationPlatforms) = postSolution
		{ADF15818-A100-4A9B-B00D-43A133C721F5}.Debug|Any CPU.ActiveCfg = Debug|Any CPU
		{ADF15818-A100-4A9B-B00D-43A133C721F5}.Debug|Any CPU.Build.0 = Debug|Any CPU
		{ADF15818-A100-4A9B-B00D-43A133C721F5}.Release|Any CPU.ActiveCfg = Release|Any CPU
		{ADF15818-A100-4A9B-B00D-43A133C721F5}.Release|Any CPU.Build.0 = Release|Any CPU
	EndGlobalSection
	GlobalSection(SolutionProperties) = preSolution
		HideSolutionNode = FALSE
	EndGlobalSection
	GlobalSection(NestedProjects) = preSolution
		{ADF15818-A100-4A9B-B00D-43A133C721F5} = {07D4F9D5-4685-4FB2-AAE5-B628C9089AD1}
	EndGlobalSection
	GlobalSection(ExtensibilityGlobals) = postSolution
		SolutionGuid = {5FA0B121-9E5B-46AB-9D3C-3438E50AB3F1}
	EndGlobalSection
EndGlobal
